
Microsoft Visual Studio Solution File, Format Version 12.00
# Visual Studio Version 17
VisualStudioVersion = 17.6.33829.357
MinimumVisualStudioVersion = 10.0.40219.1
Project("{FAE04EC0-301F-11D3-BF4B-00C04F79EFBC}") = "DSMS Application", "DSMS Application\DSMS Application.csproj", "{65E38801-035D-45D9-A0ED-DFC7AD7B05A9}"
EndProject
Global
	GlobalSection(SolutionConfigurationPlatforms) = preSolution
		Debug|Any CPU = Debug|Any CPU
		Release|Any CPU = Release|Any CPU
	EndGlobalSection
	GlobalSection(ProjectConfigurationPlatforms) = postSolution
		{65E38801-035D-45D9-A0ED-DFC7AD7B05A9}.Debug|Any CPU.ActiveCfg = Debug|Any CPU
		{65E38801-035D-45D9-A0ED-DFC7AD7B05A9}.Debug|Any CPU.Build.0 = Debug|Any CPU
		{65E38801-035D-45D9-A0ED-DFC7AD7B05A9}.Release|Any CPU.ActiveCfg = Release|Any CPU
		{65E38801-035D-45D9-A0ED-DFC7AD7B05A9}.Release|Any CPU.Build.0 = Release|Any CPU
	EndGlobalSection
	GlobalSection(SolutionProperties) = preSolution
		HideSolutionNode = FALSE
	EndGlobalSection
	GlobalSection(ExtensibilityGlobals) = postSolution
		SolutionGuid = {1B8CA871-8215-4A4C-B782-9BA59D8A146C}
	EndGlobalSection
EndGlobal
