
Microsoft Visual Studio Solution File, Format Version 12.00
# Visual Studio Version 16
VisualStudioVersion = 16.0.33423.256
MinimumVisualStudioVersion = 10.0.40219.1
Project("{FAE04EC0-301F-11D3-BF4B-00C04F79EFBC}") = "task1", "task1\task1.csproj", "{1D8F537B-AEBD-4A1F-B7CD-FFF63E4A3548}"
EndProject
Global
	GlobalSection(SolutionConfigurationPlatforms) = preSolution
		Debug|Any CPU = Debug|Any CPU
		Release|Any CPU = Release|Any CPU
	EndGlobalSection
	GlobalSection(ProjectConfigurationPlatforms) = postSolution
		{1D8F537B-AEBD-4A1F-B7CD-FFF63E4A3548}.Debug|Any CPU.ActiveCfg = Debug|Any CPU
		{1D8F537B-AEBD-4A1F-B7CD-FFF63E4A3548}.Debug|Any CPU.Build.0 = Debug|Any CPU
		{1D8F537B-AEBD-4A1F-B7CD-FFF63E4A3548}.Release|Any CPU.ActiveCfg = Release|Any CPU
		{1D8F537B-AEBD-4A1F-B7CD-FFF63E4A3548}.Release|Any CPU.Build.0 = Release|Any CPU
	EndGlobalSection
	GlobalSection(SolutionProperties) = preSolution
		HideSolutionNode = FALSE
	EndGlobalSection
	GlobalSection(ExtensibilityGlobals) = postSolution
		SolutionGuid = {41E9510F-1E35-4B72-A3D8-F30A49322931}
	EndGlobalSection
EndGlobal
